
Microsoft Visual Studio Solution File, Format Version 12.00
# Visual Studio Version 16
VisualStudioVersion = 16.0.31410.357
MinimumVisualStudioVersion = 10.0.40219.1
Project("{888888A0-9F3D-457C-B088-3A5042F75D52}") = "P12", "P12.pyproj", "{3E8B97D7-B2B0-4868-A03C-466683D92E6B}"
EndProject
Global
	GlobalSection(SolutionConfigurationPlatforms) = preSolution
		Debug|Any CPU = Debug|Any CPU
		Release|Any CPU = Release|Any CPU
	EndGlobalSection
	GlobalSection(ProjectConfigurationPlatforms) = postSolution
		{3E8B97D7-B2B0-4868-A03C-466683D92E6B}.Debug|Any CPU.ActiveCfg = Debug|Any CPU
		{3E8B97D7-B2B0-4868-A03C-466683D92E6B}.Release|Any CPU.ActiveCfg = Release|Any CPU
	EndGlobalSection
	GlobalSection(SolutionProperties) = preSolution
		HideSolutionNode = FALSE
	EndGlobalSection
	GlobalSection(ExtensibilityGlobals) = postSolution
		SolutionGuid = {09F2D3E6-AEE2-41DB-A3D8-ADA01E736DB2}
	EndGlobalSection
EndGlobal
